
Microsoft Visual Studio Solution File, Format Version 12.00
# Visual Studio 15
VisualStudioVersion = 15.0.27130.2027
MinimumVisualStudioVersion = 10.0.40219.1
Project("{8BC9CEB8-8B4A-11D0-8D11-00A0C91BC942}") = "frontend", "frontend.vcxproj", "{07A1813A-851C-4E7E-8840-B6B5BA691B71}"
EndProject
Global
	GlobalSection(SolutionConfigurationPlatforms) = preSolution
		Debug|x64 = Debug|x64
		Debug|x86 = Debug|x86
		Release|x64 = Release|x64
		Release|x86 = Release|x86
	EndGlobalSection
	GlobalSection(ProjectConfigurationPlatforms) = postSolution
		{07A1813A-851C-4E7E-8840-B6B5BA691B71}.Debug|x64.ActiveCfg = Debug|x64
		{07A1813A-851C-4E7E-8840-B6B5BA691B71}.Debug|x64.Build.0 = Debug|x64
		{07A1813A-851C-4E7E-8840-B6B5BA691B71}.Debug|x86.ActiveCfg = Debug|Win32
		{07A1813A-851C-4E7E-8840-B6B5BA691B71}.Debug|x86.Build.0 = Debug|Win32
		{07A1813A-851C-4E7E-8840-B6B5BA691B71}.Release|x64.ActiveCfg = Release|x64
		{07A1813A-851C-4E7E-8840-B6B5BA691B71}.Release|x64.Build.0 = Release|x64
		{07A1813A-851C-4E7E-8840-B6B5BA691B71}.Release|x86.ActiveCfg = Release|Win32
		{07A1813A-851C-4E7E-8840-B6B5BA691B71}.Release|x86.Build.0 = Release|Win32
	EndGlobalSection
	GlobalSection(SolutionProperties) = preSolution
		HideSolutionNode = FALSE
	EndGlobalSection
	GlobalSection(ExtensibilityGlobals) = postSolution
		SolutionGuid = {05A499D8-D4CB-47DA-A6C5-640432DD7E21}
	EndGlobalSection
EndGlobal
